PyYAML==6.0.3
Pygments==2.21.0
action-msgs==2.0.4
action-tutorials-interfaces==0.33.11
action-tutorials-py==0.33.11
actionlib-msgs==5.3.8
actuator-msgs==0.0.1
ament-clang-format==0.17.5
ament-clang-tidy==0.17.5
ament-cmake-test==2.5.6
ament-copyright==0.17.5
ament-cppcheck==0.17.5
ament-cpplint==0.17.5
ament-flake8==0.17.5
ament-index-python==1.8.4
ament-lint-cmake==0.17.5
ament-lint==0.17.5
ament-package==0.16.5
ament-pep257==0.17.5
ament-uncrustify==0.17.5
ament-xmllint==0.17.5
angles==1.16.1
ast_serialize==0.11.0
builtin-interfaces==2.0.4
cfgv==3.5.0
composition-interfaces==2.0.4
control-msgs==5.9.0
controller-manager-msgs==4.45.2
controller-manager==4.45.2
cv-bridge==4.1.0
demo-nodes-py==0.33.11
diagnostic-msgs==5.3.8
diagnostic-updater==4.2.7
distlib==0.4.3
domain-coordinator==0.12.1
example-interfaces==0.12.1
examples-rclpy-executors==0.19.7
examples-rclpy-minimal-action-client==0.19.7
examples-rclpy-minimal-action-server==0.19.7
examples-rclpy-minimal-client==0.19.7
examples-rclpy-minimal-publisher==0.19.7
examples-rclpy-minimal-service==0.19.7
examples-rclpy-minimal-subscriber==0.19.7
filelock==3.32.6
generate-parameter-library-py==0.7.3
geometry-msgs==5.3.8
gps-msgs==2.1.2
identify==2.6.19
image-geometry==4.1.0
iniconfig==2.3.0
interactive-markers==2.5.5
joint-state-publisher-gui==2.4.1
joint-state-publisher==2.4.1
laser-geometry==2.7.2
launch-param-builder==0.1.1
launch-ros==0.26.12
launch-testing-ros==0.26.12
launch-testing==3.4.11
launch-xml==3.4.11
launch-yaml==3.4.11
launch==3.4.11
librt==0.15.0
lifecycle-msgs==2.0.4
logging-demo==0.33.11
map-msgs==2.4.1
marine-acoustic-msgs==2.1.0
message-filters==4.11.17
moveit-configs-utils==2.12.4
moveit-msgs==2.6.0
mypy==2.3.1
mypy_extensions==1.1.0
nav-msgs==5.3.8
nodeenv==1.10.0
object-recognition-msgs==2.0.0
octomap-msgs==2.0.1
osrf-pycommon==2.1.7
packaging==26.3
pal-statistics-msgs==2.7.0
pal-statistics==2.7.0
pathspec==1.1.1
pcl-msgs==1.0.0
pendulum-msgs==0.33.11
platformdirs==4.11.8
pluggy==1.6.0
pre_commit==4.6.2
pytest==9.1.1
python-discovery==1.6.0
python-qt-binding==2.2.2
qt-dotgraph==2.7.6
qt-gui-cpp==2.7.6
qt-gui-py-common==2.7.6
qt-gui==2.7.6
quality-of-service-demo-py==0.33.11
rcl-interfaces==2.0.4
rclpy==7.1.11
rcutils==6.7.6
resource-retriever==3.4.4
rmw-dds-common==3.1.1
ros-gz-bridge==1.0.22
ros-gz-interfaces==1.0.22
ros-gz-sim==1.0.22
ros2-controllers-test-nodes==4.40.1
ros2action==0.32.10
ros2bag-mcap-cli==0.26.11
ros2bag-sqlite3-cli==0.26.11
ros2bag==0.26.11
ros2cli==0.32.10
ros2component==0.32.10
ros2controlcli==4.45.2
ros2doctor==0.32.10
ros2interface==0.32.10
ros2launch==0.26.12
ros2lifecycle==0.32.10
ros2multicast==0.32.10
ros2node==0.32.10
ros2param==0.32.10
ros2pkg==0.32.10
ros2plugin==5.4.5
ros2run==0.32.10
ros2service==0.32.10
ros2topic==0.32.10
rosbag2-interfaces==0.26.11
rosbag2-py==0.26.11
rosgraph-msgs==2.0.4
rosidl-adapter==4.6.9
rosidl-cli==4.6.9
rosidl-cmake==4.6.9
rosidl-generator-c==4.6.9
rosidl-generator-cpp==4.6.9
rosidl-generator-py==0.22.2
rosidl-generator-rs==0.4.12
rosidl-generator-type-description==4.6.9
rosidl-parser==4.6.9
rosidl-pycommon==4.6.9
rosidl-runtime-py==0.13.2
rosidl-typesupport-c==3.2.3
rosidl-typesupport-cpp==3.2.3
rosidl-typesupport-fastrtps-c==3.6.4
rosidl-typesupport-fastrtps-cpp==3.6.4
rosidl-typesupport-introspection-c==4.6.9
rosidl-typesupport-introspection-cpp==4.6.9
rpyutils==0.4.2
rqt-action==2.2.1
rqt-bag-plugins==1.5.6
rqt-bag==1.5.6
rqt-console==2.2.2
rqt-graph==1.5.6
rqt-gui-py==1.6.4
rqt-gui==1.6.4
rqt-msg==1.5.2
rqt-plot==1.4.5
rqt-publisher==1.7.3
rqt-py-common==1.6.4
rqt-py-console==1.2.3
rqt-reconfigure==1.6.4
rqt-service-caller==1.2.2
rqt-shell==1.2.3
rqt-srv==1.2.3
rqt-topic==1.7.5
ruff==0.16.6
sensor-msgs-py==5.3.8
sensor-msgs==5.3.8
service-msgs==2.0.4
shape-msgs==5.3.8
simulation-interfaces==1.5.1
srdfdom==2.0.7
sros2==0.13.6
statistics-msgs==2.0.4
std-msgs==5.3.8
std-srvs==5.3.8
stereo-msgs==5.3.8
teleop-twist-keyboard==2.4.1
tf-transformations==1.1.1
tf2-geometry-msgs==0.36.21
tf2-kdl==0.36.21
tf2-msgs==0.36.21
tf2-py==0.36.21
tf2-ros-py==0.36.21
tf2-sensor-msgs==0.36.21
tf2-tools==0.36.21
theora-image-transport==4.0.7
topic-monitor==0.33.11
trajectory-msgs==5.3.8
turtlesim==1.8.4
type-description-interfaces==2.0.4
typing_extensions==4.16.0
unique-identifier-msgs==2.5.1
ur-dashboard-msgs==3.8.0
ur-msgs==2.5.0
ur-robot-driver==3.8.0
urdfdom-py==1.2.1
virtualenv==21.7.9
vision-msgs==4.1.1
visualization-msgs==5.3.8
xacro==2.1.1
